{
  "originHash" : "6e43f87d83fcbca78ae5c286d0cdf866eff7d305e91e0557afae927d3d78aab3",
  "pins" : [
    {
      "identity" : "action",
      "kind" : "remoteSourceControl",
      "location" : "https://github.com/RxSwiftCommunity/Action",
      "state" : {
        "revision" : "55f5da064fd66cb09acde22cbbb744fe7f6355aa",
        "version" : "5.0.0"
      }
    },
    {
      "identity" : "rxswift",
      "kind" : "remoteSourceControl",
      "location" : "https://github.com/ReactiveX/RxSwift",
      "state" : {
        "revision" : "c7c7d2cf50a3211fe2843f76869c698e4e417930",
        "version" : "6.8.0"
      }
    }
  ],
  "version" : 3
}
